
Microsoft Visual Studio Solution File, Format Version 12.00
# Visual Studio Version 16
VisualStudioVersion = 16.0.30413.136
MinimumVisualStudioVersion = 10.0.40219.1
Project("{2150E333-8FDC-42A3-9474-1A3956D46DE8}") = "src", "src", "{6C516087-B3E0-4C19-BF3F-AFCB79BE571B}"
EndProject
Project("{2150E333-8FDC-42A3-9474-1A3956D46DE8}") = "Catelog", "Catelog", "{2B455C26-9470-4CAF-8B21-D992FD9FED41}"
EndProject
Project("{9A19103F-16F7-4668-BE54-9A1E7A4F7556}") = "Catelog.API", "src\Catelog\Catelog.API\Catelog.API.csproj", "{84CA56E5-96AC-46D9-A787-62757937BAC3}"
EndProject
Project("{E53339B2-1760-4266-BCC7-CA923CBCF16C}") = "docker-compose", "docker-compose.dcproj", "{CC2C5F1C-D576-4DEE-B441-2072468B2C72}"
EndProject
Project("{2150E333-8FDC-42A3-9474-1A3956D46DE8}") = "Basket", "Basket", "{7B4F5E1C-1025-4FD6-B284-CE6D153754C6}"
EndProject
Project("{9A19103F-16F7-4668-BE54-9A1E7A4F7556}") = "Basket.API", "src\Basket\Basket.API\Basket.API.csproj", "{E4C08C5B-793F-41D3-87B8-B98BD9720185}"
EndProject
Project("{2150E333-8FDC-42A3-9474-1A3956D46DE8}") = "Common", "Common", "{EBE17808-B53C-4493-BCEB-A9B6BCED0054}"
EndProject
Project("{9A19103F-16F7-4668-BE54-9A1E7A4F7556}") = "EventBusRabbitMQ", "src\Common\EventBusRabbitMQ\EventBusRabbitMQ.csproj", "{16E4C40A-C78B-41BA-B4B2-B367C17A1FB5}"
EndProject
Project("{2150E333-8FDC-42A3-9474-1A3956D46DE8}") = "Ordering", "Ordering", "{A7906EA3-8E34-4050-9B1E-38E57F9B982F}"
EndProject
Project("{9A19103F-16F7-4668-BE54-9A1E7A4F7556}") = "Ordering.API", "src\Ordering\Ordering.API\Ordering.API.csproj", "{7911A8AF-E9F7-4792-8029-8FD5BFA1CFA1}"
EndProject
Project("{9A19103F-16F7-4668-BE54-9A1E7A4F7556}") = "Ordering.Core", "src\Ordering\Ordering.Core\Ordering.Core.csproj", "{173DD700-FB7B-48BE-91B9-945A9C05F00E}"
EndProject
Project("{9A19103F-16F7-4668-BE54-9A1E7A4F7556}") = "Ordering.Infrastructure", "src\Ordering\Ordering.Infrastructure\Ordering.Infrastructure.csproj", "{511C22CE-D24A-41BE-9E11-A46EB8D1ED7D}"
EndProject
Project("{9A19103F-16F7-4668-BE54-9A1E7A4F7556}") = "Ordering.Application", "src\Ordering\Ordering.Application\Ordering.Application.csproj", "{28EE839E-88EA-422A-9838-D39546BED1E2}"
EndProject
Project("{2150E333-8FDC-42A3-9474-1A3956D46DE8}") = "ApiGateway", "ApiGateway", "{FF37C736-8B55-4D47-9499-6372E56917F2}"
EndProject
Project("{FAE04EC0-301F-11D3-BF4B-00C04F79EFBC}") = "OcelotAPIGateway", "src\APIGateWay\OcelotAPIGateway\OcelotAPIGateway.csproj", "{FADCA1E3-092A-4904-869B-56BB229FC6E5}"
EndProject
Global
	GlobalSection(SolutionConfigurationPlatforms) = preSolution
		Debug|Any CPU = Debug|Any CPU
		Release|Any CPU = Release|Any CPU
	EndGlobalSection
	GlobalSection(ProjectConfigurationPlatforms) = postSolution
		{84CA56E5-96AC-46D9-A787-62757937BAC3}.Debug|Any CPU.ActiveCfg = Debug|Any CPU
		{84CA56E5-96AC-46D9-A787-62757937BAC3}.Debug|Any CPU.Build.0 = Debug|Any CPU
		{84CA56E5-96AC-46D9-A787-62757937BAC3}.Release|Any CPU.ActiveCfg = Release|Any CPU
		{84CA56E5-96AC-46D9-A787-62757937BAC3}.Release|Any CPU.Build.0 = Release|Any CPU
		{CC2C5F1C-D576-4DEE-B441-2072468B2C72}.Debug|Any CPU.ActiveCfg = Debug|Any CPU
		{CC2C5F1C-D576-4DEE-B441-2072468B2C72}.Debug|Any CPU.Build.0 = Debug|Any CPU
		{CC2C5F1C-D576-4DEE-B441-2072468B2C72}.Release|Any CPU.ActiveCfg = Release|Any CPU
		{CC2C5F1C-D576-4DEE-B441-2072468B2C72}.Release|Any CPU.Build.0 = Release|Any CPU
		{E4C08C5B-793F-41D3-87B8-B98BD9720185}.Debug|Any CPU.ActiveCfg = Debug|Any CPU
		{E4C08C5B-793F-41D3-87B8-B98BD9720185}.Debug|Any CPU.Build.0 = Debug|Any CPU
		{E4C08C5B-793F-41D3-87B8-B98BD9720185}.Release|Any CPU.ActiveCfg = Release|Any CPU
		{E4C08C5B-793F-41D3-87B8-B98BD9720185}.Release|Any CPU.Build.0 = Release|Any CPU
		{16E4C40A-C78B-41BA-B4B2-B367C17A1FB5}.Debug|Any CPU.ActiveCfg = Debug|Any CPU
		{16E4C40A-C78B-41BA-B4B2-B367C17A1FB5}.Debug|Any CPU.Build.0 = Debug|Any CPU
		{16E4C40A-C78B-41BA-B4B2-B367C17A1FB5}.Release|Any CPU.ActiveCfg = Release|Any CPU
		{16E4C40A-C78B-41BA-B4B2-B367C17A1FB5}.Release|Any CPU.Build.0 = Release|Any CPU
		{7911A8AF-E9F7-4792-8029-8FD5BFA1CFA1}.Debug|Any CPU.ActiveCfg = Debug|Any CPU
		{7911A8AF-E9F7-4792-8029-8FD5BFA1CFA1}.Debug|Any CPU.Build.0 = Debug|Any CPU
		{7911A8AF-E9F7-4792-8029-8FD5BFA1CFA1}.Release|Any CPU.ActiveCfg = Release|Any CPU
		{7911A8AF-E9F7-4792-8029-8FD5BFA1CFA1}.Release|Any CPU.Build.0 = Release|Any CPU
		{173DD700-FB7B-48BE-91B9-945A9C05F00E}.Debug|Any CPU.ActiveCfg = Debug|Any CPU
		{173DD700-FB7B-48BE-91B9-945A9C05F00E}.Debug|Any CPU.Build.0 = Debug|Any CPU
		{173DD700-FB7B-48BE-91B9-945A9C05F00E}.Release|Any CPU.ActiveCfg = Release|Any CPU
		{173DD700-FB7B-48BE-91B9-945A9C05F00E}.Release|Any CPU.Build.0 = Release|Any CPU
		{511C22CE-D24A-41BE-9E11-A46EB8D1ED7D}.Debug|Any CPU.ActiveCfg = Debug|Any CPU
		{511C22CE-D24A-41BE-9E11-A46EB8D1ED7D}.Debug|Any CPU.Build.0 = Debug|Any CPU
		{511C22CE-D24A-41BE-9E11-A46EB8D1ED7D}.Release|Any CPU.ActiveCfg = Release|Any CPU
		{511C22CE-D24A-41BE-9E11-A46EB8D1ED7D}.Release|Any CPU.Build.0 = Release|Any CPU
		{28EE839E-88EA-422A-9838-D39546BED1E2}.Debug|Any CPU.ActiveCfg = Debug|Any CPU
		{28EE839E-88EA-422A-9838-D39546BED1E2}.Debug|Any CPU.Build.0 = Debug|Any CPU
		{28EE839E-88EA-422A-9838-D39546BED1E2}.Release|Any CPU.ActiveCfg = Release|Any CPU
		{28EE839E-88EA-422A-9838-D39546BED1E2}.Release|Any CPU.Build.0 = Release|Any CPU
		{FADCA1E3-092A-4904-869B-56BB229FC6E5}.Debug|Any CPU.ActiveCfg = Debug|Any CPU
		{FADCA1E3-092A-4904-869B-56BB229FC6E5}.Debug|Any CPU.Build.0 = Debug|Any CPU
		{FADCA1E3-092A-4904-869B-56BB229FC6E5}.Release|Any CPU.ActiveCfg = Release|Any CPU
		{FADCA1E3-092A-4904-869B-56BB229FC6E5}.Release|Any CPU.Build.0 = Release|Any CPU
	EndGlobalSection
	GlobalSection(SolutionProperties) = preSolution
		HideSolutionNode = FALSE
	EndGlobalSection
	GlobalSection(NestedProjects) = preSolution
		{2B455C26-9470-4CAF-8B21-D992FD9FED41} = {6C516087-B3E0-4C19-BF3F-AFCB79BE571B}
		{84CA56E5-96AC-46D9-A787-62757937BAC3} = {2B455C26-9470-4CAF-8B21-D992FD9FED41}
		{7B4F5E1C-1025-4FD6-B284-CE6D153754C6} = {6C516087-B3E0-4C19-BF3F-AFCB79BE571B}
		{E4C08C5B-793F-41D3-87B8-B98BD9720185} = {7B4F5E1C-1025-4FD6-B284-CE6D153754C6}
		{EBE17808-B53C-4493-BCEB-A9B6BCED0054} = {6C516087-B3E0-4C19-BF3F-AFCB79BE571B}
		{16E4C40A-C78B-41BA-B4B2-B367C17A1FB5} = {EBE17808-B53C-4493-BCEB-A9B6BCED0054}
		{A7906EA3-8E34-4050-9B1E-38E57F9B982F} = {6C516087-B3E0-4C19-BF3F-AFCB79BE571B}
		{7911A8AF-E9F7-4792-8029-8FD5BFA1CFA1} = {A7906EA3-8E34-4050-9B1E-38E57F9B982F}
		{173DD700-FB7B-48BE-91B9-945A9C05F00E} = {A7906EA3-8E34-4050-9B1E-38E57F9B982F}
		{511C22CE-D24A-41BE-9E11-A46EB8D1ED7D} = {A7906EA3-8E34-4050-9B1E-38E57F9B982F}
		{28EE839E-88EA-422A-9838-D39546BED1E2} = {A7906EA3-8E34-4050-9B1E-38E57F9B982F}
		{FF37C736-8B55-4D47-9499-6372E56917F2} = {6C516087-B3E0-4C19-BF3F-AFCB79BE571B}
		{FADCA1E3-092A-4904-869B-56BB229FC6E5} = {FF37C736-8B55-4D47-9499-6372E56917F2}
	EndGlobalSection
	GlobalSection(ExtensibilityGlobals) = postSolution
		SolutionGuid = {4FAFA328-93D5-406A-930B-B49680BB8170}
	EndGlobalSection
EndGlobal
